
Microsoft Visual Studio Solution File, Format Version 12.00
# Visual Studio Version 17
VisualStudioVersion = 17.4.33403.182
MinimumVisualStudioVersion = 10.0.40219.1
Project("{FAE04EC0-301F-11D3-BF4B-00C04F79EFBC}") = "SampleWindowOfConductor", "SampleWindowOfConductor\SampleWindowOfConductor.csproj", "{9CFBDD0B-5EB0-4FC0-A4C5-84E32E3AC974}"
EndProject
Global
	GlobalSection(SolutionConfigurationPlatforms) = preSolution
		Debug|Any CPU = Debug|Any CPU
		Release|Any CPU = Release|Any CPU
	EndGlobalSection
	GlobalSection(ProjectConfigurationPlatforms) = postSolution
		{9CFBDD0B-5EB0-4FC0-A4C5-84E32E3AC974}.Debug|Any CPU.ActiveCfg = Debug|Any CPU
		{9CFBDD0B-5EB0-4FC0-A4C5-84E32E3AC974}.Debug|Any CPU.Build.0 = Debug|Any CPU
		{9CFBDD0B-5EB0-4FC0-A4C5-84E32E3AC974}.Release|Any CPU.ActiveCfg = Release|Any CPU
		{9CFBDD0B-5EB0-4FC0-A4C5-84E32E3AC974}.Release|Any CPU.Build.0 = Release|Any CPU
	EndGlobalSection
	GlobalSection(SolutionProperties) = preSolution
		HideSolutionNode = FALSE
	EndGlobalSection
	GlobalSection(ExtensibilityGlobals) = postSolution
		SolutionGuid = {D3A88AC2-CEF6-4A2C-90AF-5C56675671D9}
	EndGlobalSection
EndGlobal
